{
  "name": "im-mp",
  "version": "1.0.0",
  "lockfileVersion": 2,
  "requires": true,
  "packages": {
    "": {
      "version": "1.0.0",
      "dependencies": {
        "crypto-js": "^4.1.1",
        "miniprogram-computed": "^4.4.0",
        "pinyin-pro": "^3.13.1",
        "tdesign-miniprogram": "^1.0.1",
        "weapp-qrcode": "^1.0.0"
      }
    },
    "node_modules/crypto-js": {
      "version": "4.1.1",
      "resolved": "https://registry.npmjs.org/crypto-js/-/crypto-js-4.1.1.tgz",
      "integrity": "sha512-o2JlM7ydqd3Qk9CA0L4NL6mTzU2sdx96a+oOfPu8Mkl/PK51vSyoi8/rQ8NknZtk44vq15lmhAj9CIAGwgeWKw=="
    },
    "node_modules/dayjs": {
      "version": "1.11.7",
      "resolved": "https://registry.npmjs.org/dayjs/-/dayjs-1.11.7.tgz",
      "integrity": "sha512-+Yw9U6YO5TQohxLcIkrXBeY73WP3ejHWVvx8XCk3gxvQDCTEmS48ZrSZCKciI7Bhl/uCMyxYtE9UqRILmFphkQ=="
    },
    "node_modules/extend": {
      "version": "3.0.2",
      "resolved": "https://registry.npmjs.org/extend/-/extend-3.0.2.tgz",
      "integrity": "sha512-fjquC59cD7CyW6urNXK0FBufkZcoiGG80wTuPujX590cB5Ttln20E2UB4S/WARVqhXffZl2LNgS+gQdPIIim/g=="
    },
    "node_modules/fast-deep-equal": {
      "version": "2.0.1",
      "resolved": "https://registry.npmjs.org/fast-deep-equal/-/fast-deep-equal-2.0.1.tgz",
      "integrity": "sha512-bCK/2Z4zLidyB4ReuIsvALH6w31YfAQDmXMqMx6FyfHqvBxtjC0eRumeSu4Bs3XtXwpyIywtSTrVT99BxY1f9w=="
    },
    "node_modules/miniprogram-computed": {
      "version": "4.4.0",
      "resolved": "https://registry.npmjs.org/miniprogram-computed/-/miniprogram-computed-4.4.0.tgz",
      "integrity": "sha512-th9y1Ua7H6rC47Vs20/QFC6zlq/A/92zbKrCxkJNlXf7xwNdg86BRRFvccR8yIwVXRXjMYUrcsVDq6bwzbE0Cg==",
      "dependencies": {
        "fast-deep-equal": "^2.0.1",
        "rfdc": "^1.1.4"
      }
    },
    "node_modules/pinyin-pro": {
      "version": "3.13.1",
      "resolved": "https://registry.npmjs.org/pinyin-pro/-/pinyin-pro-3.13.1.tgz",
      "integrity": "sha512-40mx64fuNWApC8FbW9xOu2hMDNBAPsYVYI29lx3vjMB94H8klF71r+zveC5x5bRy2nct7w4ZvD0DlglrmZX0vw=="
    },
    "node_modules/rfdc": {
      "version": "1.3.0",
      "resolved": "https://registry.npmjs.org/rfdc/-/rfdc-1.3.0.tgz",
      "integrity": "sha512-V2hovdzFbOi77/WajaSMXk2OLm+xNIeQdMMuB7icj7bk6zi2F8GGAxigcnDFpJHbNyNcgyJDiP+8nOrY5cZGrA=="
    },
    "node_modules/tdesign-miniprogram": {
      "version": "1.0.1",
      "resolved": "https://registry.npmjs.org/tdesign-miniprogram/-/tdesign-miniprogram-1.0.1.tgz",
      "integrity": "sha512-3gPzTCEl9gh/fgsb09PuaiwGUkqP4VdcPudG4Ylxej10VaOMhxmvGEDrtPO4C3q+oScH+ZCb9X7pNi5Vp4WGrA==",
      "dependencies": {
        "dayjs": "^1.10.7"
      }
    },
    "node_modules/weapp-qrcode": {
      "version": "1.0.0",
      "resolved": "https://registry.npmjs.org/weapp-qrcode/-/weapp-qrcode-1.0.0.tgz",
      "integrity": "sha512-4sa3W0rGDVJ9QaeZpAKlAuUxVyjhDwiUqHyGK/jJMsRMXnhb4yO8qWU/pZruMo+iT5J6CraS67lDMFb1VY+RaA==",
      "dependencies": {
        "extend": "^3.0.2"
      }
    }
  },
  "dependencies": {
    "crypto-js": {
      "version": "4.1.1",
      "resolved": "https://registry.npmjs.org/crypto-js/-/crypto-js-4.1.1.tgz",
      "integrity": "sha512-o2JlM7ydqd3Qk9CA0L4NL6mTzU2sdx96a+oOfPu8Mkl/PK51vSyoi8/rQ8NknZtk44vq15lmhAj9CIAGwgeWKw=="
    },
    "dayjs": {
      "version": "1.11.7",
      "resolved": "https://registry.npmjs.org/dayjs/-/dayjs-1.11.7.tgz",
      "integrity": "sha512-+Yw9U6YO5TQohxLcIkrXBeY73WP3ejHWVvx8XCk3gxvQDCTEmS48ZrSZCKciI7Bhl/uCMyxYtE9UqRILmFphkQ=="
    },
    "extend": {
      "version": "3.0.2",
      "resolved": "https://registry.npmjs.org/extend/-/extend-3.0.2.tgz",
      "integrity": "sha512-fjquC59cD7CyW6urNXK0FBufkZcoiGG80wTuPujX590cB5Ttln20E2UB4S/WARVqhXffZl2LNgS+gQdPIIim/g=="
    },
    "fast-deep-equal": {
      "version": "2.0.1",
      "resolved": "https://registry.npmjs.org/fast-deep-equal/-/fast-deep-equal-2.0.1.tgz",
      "integrity": "sha512-bCK/2Z4zLidyB4ReuIsvALH6w31YfAQDmXMqMx6FyfHqvBxtjC0eRumeSu4Bs3XtXwpyIywtSTrVT99BxY1f9w=="
    },
    "miniprogram-computed": {
      "version": "4.4.0",
      "resolved": "https://registry.npmjs.org/miniprogram-computed/-/miniprogram-computed-4.4.0.tgz",
      "integrity": "sha512-th9y1Ua7H6rC47Vs20/QFC6zlq/A/92zbKrCxkJNlXf7xwNdg86BRRFvccR8yIwVXRXjMYUrcsVDq6bwzbE0Cg==",
      "requires": {
        "fast-deep-equal": "^2.0.1",
        "rfdc": "^1.1.4"
      }
    },
    "pinyin-pro": {
      "version": "3.13.1",
      "resolved": "https://registry.npmjs.org/pinyin-pro/-/pinyin-pro-3.13.1.tgz",
      "integrity": "sha512-40mx64fuNWApC8FbW9xOu2hMDNBAPsYVYI29lx3vjMB94H8klF71r+zveC5x5bRy2nct7w4ZvD0DlglrmZX0vw=="
    },
    "rfdc": {
      "version": "1.3.0",
      "resolved": "https://registry.npmjs.org/rfdc/-/rfdc-1.3.0.tgz",
      "integrity": "sha512-V2hovdzFbOi77/WajaSMXk2OLm+xNIeQdMMuB7icj7bk6zi2F8GGAxigcnDFpJHbNyNcgyJDiP+8nOrY5cZGrA=="
    },
    "tdesign-miniprogram": {
      "version": "1.0.1",
      "resolved": "https://registry.npmjs.org/tdesign-miniprogram/-/tdesign-miniprogram-1.0.1.tgz",
      "integrity": "sha512-3gPzTCEl9gh/fgsb09PuaiwGUkqP4VdcPudG4Ylxej10VaOMhxmvGEDrtPO4C3q+oScH+ZCb9X7pNi5Vp4WGrA==",
      "requires": {
        "dayjs": "^1.10.7"
      }
    },
    "weapp-qrcode": {
      "version": "1.0.0",
      "resolved": "https://registry.npmjs.org/weapp-qrcode/-/weapp-qrcode-1.0.0.tgz",
      "integrity": "sha512-4sa3W0rGDVJ9QaeZpAKlAuUxVyjhDwiUqHyGK/jJMsRMXnhb4yO8qWU/pZruMo+iT5J6CraS67lDMFb1VY+RaA==",
      "requires": {
        "extend": "^3.0.2"
      }
    }
  }
}
