{
  "name": "im-mp",
  "lockfileVersion": 2,
  "requires": true,
  "packages": {
    "": {
      "dependencies": {
        "tdesign-miniprogram": "^1.0.1",
        "weapp-qrcode": "^1.0.0"
      }
    },
    "node_modules/dayjs": {
      "version": "1.11.7",
      "resolved": "https://registry.npmjs.org/dayjs/-/dayjs-1.11.7.tgz",
      "integrity": "sha512-+Yw9U6YO5TQohxLcIkrXBeY73WP3ejHWVvx8XCk3gxvQDCTEmS48ZrSZCKciI7Bhl/uCMyxYtE9UqRILmFphkQ=="
    },
    "node_modules/extend": {
      "version": "3.0.2",
      "resolved": "https://registry.npmjs.org/extend/-/extend-3.0.2.tgz",
      "integrity": "sha512-fjquC59cD7CyW6urNXK0FBufkZcoiGG80wTuPujX590cB5Ttln20E2UB4S/WARVqhXffZl2LNgS+gQdPIIim/g=="
    },
    "node_modules/tdesign-miniprogram": {
      "version": "1.0.1",
      "resolved": "https://registry.npmjs.org/tdesign-miniprogram/-/tdesign-miniprogram-1.0.1.tgz",
      "integrity": "sha512-3gPzTCEl9gh/fgsb09PuaiwGUkqP4VdcPudG4Ylxej10VaOMhxmvGEDrtPO4C3q+oScH+ZCb9X7pNi5Vp4WGrA==",
      "dependencies": {
        "dayjs": "^1.10.7"
      }
    },
    "node_modules/weapp-qrcode": {
      "version": "1.0.0",
      "resolved": "https://registry.npmjs.org/weapp-qrcode/-/weapp-qrcode-1.0.0.tgz",
      "integrity": "sha512-4sa3W0rGDVJ9QaeZpAKlAuUxVyjhDwiUqHyGK/jJMsRMXnhb4yO8qWU/pZruMo+iT5J6CraS67lDMFb1VY+RaA==",
      "dependencies": {
        "extend": "^3.0.2"
      }
    }
  },
  "dependencies": {
    "dayjs": {
      "version": "1.11.7",
      "resolved": "https://registry.npmjs.org/dayjs/-/dayjs-1.11.7.tgz",
      "integrity": "sha512-+Yw9U6YO5TQohxLcIkrXBeY73WP3ejHWVvx8XCk3gxvQDCTEmS48ZrSZCKciI7Bhl/uCMyxYtE9UqRILmFphkQ=="
    },
    "extend": {
      "version": "3.0.2",
      "resolved": "https://registry.npmjs.org/extend/-/extend-3.0.2.tgz",
      "integrity": "sha512-fjquC59cD7CyW6urNXK0FBufkZcoiGG80wTuPujX590cB5Ttln20E2UB4S/WARVqhXffZl2LNgS+gQdPIIim/g=="
    },
    "tdesign-miniprogram": {
      "version": "1.0.1",
      "resolved": "https://registry.npmjs.org/tdesign-miniprogram/-/tdesign-miniprogram-1.0.1.tgz",
      "integrity": "sha512-3gPzTCEl9gh/fgsb09PuaiwGUkqP4VdcPudG4Ylxej10VaOMhxmvGEDrtPO4C3q+oScH+ZCb9X7pNi5Vp4WGrA==",
      "requires": {
        "dayjs": "^1.10.7"
      }
    },
    "weapp-qrcode": {
      "version": "1.0.0",
      "resolved": "https://registry.npmjs.org/weapp-qrcode/-/weapp-qrcode-1.0.0.tgz",
      "integrity": "sha512-4sa3W0rGDVJ9QaeZpAKlAuUxVyjhDwiUqHyGK/jJMsRMXnhb4yO8qWU/pZruMo+iT5J6CraS67lDMFb1VY+RaA==",
      "requires": {
        "extend": "^3.0.2"
      }
    }
  }
}
